
Microsoft Visual Studio Solution File, Format Version 12.00
# Visual Studio Version 17
VisualStudioVersion = 17.4.33213.308
MinimumVisualStudioVersion = 10.0.40219.1
Project("{FAE04EC0-301F-11D3-BF4B-00C04F79EFBC}") = "RenoshobeeAPI", "RenoshobeeAPI\RenoshobeeAPI.csproj", "{08E601F9-290F-457E-8F8E-8ACD3F7EEEBA}"
EndProject
Global
	GlobalSection(SolutionConfigurationPlatforms) = preSolution
		Debug|Any CPU = Debug|Any CPU
		Release|Any CPU = Release|Any CPU
	EndGlobalSection
	GlobalSection(ProjectConfigurationPlatforms) = postSolution
		{08E601F9-290F-457E-8F8E-8ACD3F7EEEBA}.Debug|Any CPU.ActiveCfg = Debug|Any CPU
		{08E601F9-290F-457E-8F8E-8ACD3F7EEEBA}.Debug|Any CPU.Build.0 = Debug|Any CPU
		{08E601F9-290F-457E-8F8E-8ACD3F7EEEBA}.Release|Any CPU.ActiveCfg = Release|Any CPU
		{08E601F9-290F-457E-8F8E-8ACD3F7EEEBA}.Release|Any CPU.Build.0 = Release|Any CPU
	EndGlobalSection
	GlobalSection(SolutionProperties) = preSolution
		HideSolutionNode = FALSE
	EndGlobalSection
	GlobalSection(ExtensibilityGlobals) = postSolution
		SolutionGuid = {CAE49D75-AE00-4D52-B7C1-5CD478CBD28B}
	EndGlobalSection
EndGlobal
